{
  "version": 4,
  "terraform_version": "1.10.3",
  "serial": 19,
  "lineage": "09f72040-5e03-6a1f-a398-a241794c2ad7",
  "outputs": {
    "instance_id": {
      "value": "i-03724cc0942dcdfe2",
      "type": "string"
    }
  },
  "resources": [
    {
      "mode": "data",
      "type": "aws_security_groups",
      "name": "all",
      "provider": "provider[\"registry.terraform.io/hashicorp/aws\"]",
      "instances": [
        {
          "schema_version": 0,
          "attributes": {
            "arns": [
              "arn:aws:ec2:us-west-2:590183895237:security-group/sg-0c406986b4143cbae",
              "arn:aws:ec2:us-west-2:590183895237:security-group/sg-037ed39d812376372",
              "arn:aws:ec2:us-west-2:590183895237:security-group/sg-0bd2b782721a8b18d"
            ],
            "filter": [
              {
                "name": "group-name",
                "values": [
                  "*"
                ]
              }
            ],
            "id": "us-west-2",
            "ids": [
              "sg-0c406986b4143cbae",
              "sg-037ed39d812376372",
              "sg-0bd2b782721a8b18d"
            ],
            "tags": null,
            "timeouts": null,
            "vpc_ids": [
              "vpc-02503eaeee7cb15a3",
              "vpc-02503eaeee7cb15a3",
              "vpc-02503eaeee7cb15a3"
            ]
          },
          "sensitive_attributes": []
        }
      ]
    },
    {
      "mode": "managed",
      "type": "aws_instance",
      "name": "py_server",
      "provider": "provider[\"registry.terraform.io/hashicorp/aws\"]",
      "instances": [
        {
          "schema_version": 1,
          "attributes": {
            "ami": "ami-06946f6c9b153d494",
            "arn": "arn:aws:ec2:us-west-2:590183895237:instance/i-03724cc0942dcdfe2",
            "associate_public_ip_address": true,
            "availability_zone": "us-west-2b",
            "capacity_reservation_specification": [
              {
                "capacity_reservation_preference": "open",
                "capacity_reservation_target": []
              }
            ],
            "cpu_core_count": 1,
            "cpu_options": [
              {
                "amd_sev_snp": "",
                "core_count": 1,
                "threads_per_core": 1
              }
            ],
            "cpu_threads_per_core": 1,
            "credit_specification": [
              {
                "cpu_credits": "standard"
              }
            ],
            "disable_api_stop": false,
            "disable_api_termination": false,
            "ebs_block_device": [],
            "ebs_optimized": false,
            "enclave_options": [
              {
                "enabled": false
              }
            ],
            "ephemeral_block_device": [],
            "get_password_data": false,
            "hibernation": false,
            "host_id": "",
            "host_resource_group_arn": null,
            "iam_instance_profile": "",
            "id": "i-03724cc0942dcdfe2",
            "instance_initiated_shutdown_behavior": "stop",
            "instance_lifecycle": "",
            "instance_market_options": [],
            "instance_state": "running",
            "instance_type": "t2.micro",
            "ipv6_address_count": 0,
            "ipv6_addresses": [],
            "key_name": "deployer-key-52719a87",
            "launch_template": [],
            "maintenance_options": [
              {
                "auto_recovery": "default"
              }
            ],
            "metadata_options": [
              {
                "http_endpoint": "enabled",
                "http_protocol_ipv6": "disabled",
                "http_put_response_hop_limit": 1,
                "http_tokens": "optional",
                "instance_metadata_tags": "disabled"
              }
            ],
            "monitoring": false,
            "network_interface": [],
            "outpost_arn": "",
            "password_data": "",
            "placement_group": "",
            "placement_partition_number": 0,
            "primary_network_interface_id": "eni-0bdf6a03ca85439fa",
            "private_dns": "ip-172-31-29-136.us-west-2.compute.internal",
            "private_dns_name_options": [
              {
                "enable_resource_name_dns_a_record": false,
                "enable_resource_name_dns_aaaa_record": false,
                "hostname_type": "ip-name"
              }
            ],
            "private_ip": "172.31.29.136",
            "public_dns": "ec2-35-91-94-247.us-west-2.compute.amazonaws.com",
            "public_ip": "35.91.94.247",
            "root_block_device": [
              {
                "delete_on_termination": true,
                "device_name": "/dev/sda1",
                "encrypted": false,
                "iops": 100,
                "kms_key_id": "",
                "tags": {},
                "tags_all": {},
                "throughput": 0,
                "volume_id": "vol-0e2955c8479f17a3c",
                "volume_size": 20,
                "volume_type": "gp2"
              }
            ],
            "secondary_private_ips": [],
            "security_groups": [
              "allow_http_flask_52719a87",
              "allow_ssh_52719a87"
            ],
            "source_dest_check": true,
            "spot_instance_request_id": "",
            "subnet_id": "subnet-0b1aa216f42043ad6",
            "tags": {
              "Name": "FlaskAppInstance"
            },
            "tags_all": {
              "Name": "FlaskAppInstance"
            },
            "tenancy": "default",
            "timeouts": null,
            "user_data": "7efe6421171ab2266079ae20d7846e5772ae1d5a",
            "user_data_base64": null,
            "user_data_replace_on_change": false,
            "volume_tags": null,
            "vpc_security_group_ids": [
              "sg-0b15e8bc81a4de57d",
              "sg-0d40fd5700e3d7ae7"
            ]
          },
          "sensitive_attributes": [],
          "private": "eyJlMmJmYjczMC1lY2FhLTExZTYtOGY4OC0zNDM2M2JjN2M0YzAiOnsiY3JlYXRlIjo2MDAwMDAwMDAwMDAsImRlbGV0ZSI6MTIwMDAwMDAwMDAwMCwicmVhZCI6OTAwMDAwMDAwMDAwLCJ1cGRhdGUiOjYwMDAwMDAwMDAwMH0sInNjaGVtYV92ZXJzaW9uIjoiMSJ9",
          "dependencies": [
            "aws_key_pair.deployer",
            "aws_security_group.allow_http",
            "aws_security_group.allow_ssh",
            "random_id.suffix"
          ]
        }
      ]
    },
    {
      "mode": "managed",
      "type": "aws_key_pair",
      "name": "deployer",
      "provider": "provider[\"registry.terraform.io/hashicorp/aws\"]",
      "instances": [
        {
          "schema_version": 1,
          "attributes": {
            "arn": "arn:aws:ec2:us-west-2:590183895237:key-pair/deployer-key-52719a87",
            "fingerprint": "38:90:99:95:bd:b1:97:28:7e:65:b1:98:66:79:01:ae",
            "id": "deployer-key-52719a87",
            "key_name": "deployer-key-52719a87",
            "key_name_prefix": "",
            "key_pair_id": "key-0561de356e491cf95",
            "key_type": "rsa",
            "public_key": "ssh-rsa AAAAB3NzaC1yc2EAAAADAQABAAABgQDhTFS0zP1kjmaYnsBhsOP5GOB2FP2r0eNfV1/Mq01QptCBfh9W7BLTMr0p/KAywCVyrvGgqIP1RA/ZtL1xOuR/aWtOOdYCk8pMevZvOE3ZjGd2jfUG8RVyhT2s34zvJNdRG7sgxbxYEVKj1WD0/3ksERr5snyVYdRUvGVxbSGWiwm/lxzngPhwhjHucVpD7m3guLcU6nNrMEZAre0denCwJTSTVgrLppQxP5uq5xD+ToiL/iGqd6+gmt90CcgVxPLzcJGPpACsJg60C5yZUcQkk/TkGBByunod0EiHaUaRhah1s2qVQjmPnovL4mJpJaonJOefkGQHIPpoNbkdC2OM52cJGUjL4CcMOs7OKenVqeNhR9DvpVuXKeRzs1jFf6mj++0Hg6ndhJ4EifqfPOUad9Lp2CjQYXual4LVpRvZIpXuiIT7rhTTAURb+QzlSBJ0g7w+G4mKsRm1atjg2d7yLbdvysFRff9mZjKOMsX4pR3FG+P0J5ozUcyqS/CcHzs= andy@macbook.local",
            "tags": null,
            "tags_all": {}
          },
          "sensitive_attributes": [],
          "private": "eyJzY2hlbWFfdmVyc2lvbiI6IjEifQ==",
          "dependencies": [
            "random_id.suffix"
          ]
        }
      ]
    },
    {
      "mode": "managed",
      "type": "aws_security_group",
      "name": "allow_http",
      "provider": "provider[\"registry.terraform.io/hashicorp/aws\"]",
      "instances": [
        {
          "schema_version": 1,
          "attributes": {
            "arn": "arn:aws:ec2:us-west-2:590183895237:security-group/sg-0b15e8bc81a4de57d",
            "description": "Allow inbound HTTP traffic",
            "egress": [
              {
                "cidr_blocks": [
                  "0.0.0.0/0"
                ],
                "description": "",
                "from_port": 0,
                "ipv6_cidr_blocks": [],
                "prefix_list_ids": [],
                "protocol": "-1",
                "security_groups": [],
                "self": false,
                "to_port": 0
              }
            ],
            "id": "sg-0b15e8bc81a4de57d",
            "ingress": [
              {
                "cidr_blocks": [
                  "0.0.0.0/0"
                ],
                "description": "",
                "from_port": 5000,
                "ipv6_cidr_blocks": [],
                "prefix_list_ids": [],
                "protocol": "tcp",
                "security_groups": [],
                "self": false,
                "to_port": 5000
              }
            ],
            "name": "allow_http_flask_52719a87",
            "name_prefix": "",
            "owner_id": "590183895237",
            "revoke_rules_on_delete": false,
            "tags": null,
            "tags_all": {},
            "timeouts": null,
            "vpc_id": "vpc-02503eaeee7cb15a3"
          },
          "sensitive_attributes": [],
          "private": "eyJlMmJmYjczMC1lY2FhLTExZTYtOGY4OC0zNDM2M2JjN2M0YzAiOnsiY3JlYXRlIjo2MDAwMDAwMDAwMDAsImRlbGV0ZSI6OTAwMDAwMDAwMDAwfSwic2NoZW1hX3ZlcnNpb24iOiIxIn0=",
          "dependencies": [
            "random_id.suffix"
          ],
          "create_before_destroy": true
        }
      ]
    },
    {
      "mode": "managed",
      "type": "aws_security_group",
      "name": "allow_ssh",
      "provider": "provider[\"registry.terraform.io/hashicorp/aws\"]",
      "instances": [
        {
          "schema_version": 1,
          "attributes": {
            "arn": "arn:aws:ec2:us-west-2:590183895237:security-group/sg-0d40fd5700e3d7ae7",
            "description": "Allow SSH inbound traffic",
            "egress": [
              {
                "cidr_blocks": [
                  "0.0.0.0/0"
                ],
                "description": "",
                "from_port": 0,
                "ipv6_cidr_blocks": [],
                "prefix_list_ids": [],
                "protocol": "-1",
                "security_groups": [],
                "self": false,
                "to_port": 0
              }
            ],
            "id": "sg-0d40fd5700e3d7ae7",
            "ingress": [
              {
                "cidr_blocks": [
                  "0.0.0.0/0"
                ],
                "description": "",
                "from_port": 22,
                "ipv6_cidr_blocks": [],
                "prefix_list_ids": [],
                "protocol": "tcp",
                "security_groups": [],
                "self": false,
                "to_port": 22
              }
            ],
            "name": "allow_ssh_52719a87",
            "name_prefix": "",
            "owner_id": "590183895237",
            "revoke_rules_on_delete": false,
            "tags": null,
            "tags_all": {},
            "timeouts": null,
            "vpc_id": "vpc-02503eaeee7cb15a3"
          },
          "sensitive_attributes": [],
          "private": "eyJlMmJmYjczMC1lY2FhLTExZTYtOGY4OC0zNDM2M2JjN2M0YzAiOnsiY3JlYXRlIjo2MDAwMDAwMDAwMDAsImRlbGV0ZSI6OTAwMDAwMDAwMDAwfSwic2NoZW1hX3ZlcnNpb24iOiIxIn0=",
          "dependencies": [
            "random_id.suffix"
          ],
          "create_before_destroy": true
        }
      ]
    },
    {
      "mode": "managed",
      "type": "null_resource",
      "name": "cleanup_security_groups",
      "provider": "provider[\"registry.terraform.io/hashicorp/null\"]",
      "instances": [
        {
          "schema_version": 0,
          "attributes": {
            "id": "6852147952320653626",
            "triggers": {
              "always_run": "2024-12-19T02:50:14Z"
            }
          },
          "sensitive_attributes": []
        }
      ]
    },
    {
      "mode": "managed",
      "type": "random_id",
      "name": "suffix",
      "provider": "provider[\"registry.terraform.io/hashicorp/random\"]",
      "instances": [
        {
          "schema_version": 0,
          "attributes": {
            "b64_std": "UnGahw==",
            "b64_url": "UnGahw",
            "byte_length": 4,
            "dec": "1383176839",
            "hex": "52719a87",
            "id": "UnGahw",
            "keepers": null,
            "prefix": null
          },
          "sensitive_attributes": [],
          "create_before_destroy": true
        }
      ]
    }
  ],
  "check_results": null
}
